// !$*UTF8*$!
{
	archiveVersion = 1;
	classes = {
	};
	objectVersion = 46;
	objects = {

/* Begin PBXBuildFile section */
		181F20471CA9865300353C7A /* ViewController.m in Sources */ = {isa = PBXBuildFile; fileRef = 181F20401CA9865300353C7A /* ViewController.m */; };
		181F20481CA9865300353C7A /* AppDelegate.m in Sources */ = {isa = PBXBuildFile; fileRef = 181F20441CA9865300353C7A /* AppDelegate.m */; };
		181F20491CA9865300353C7A /* main.m in Sources */ = {isa = PBXBuildFile; fileRef = 181F20451CA9865300353C7A /* main.m */; };
		181F204D1CA9869D00353C7A /* LZLuFeiViewController.m in Sources */ = {isa = PBXBuildFile; fileRef = 181F204B1CA9869D00353C7A /* LZLuFeiViewController.m */; };
		181F204E1CA9869D00353C7A /* LZLuFeiViewController.xib in Resources */ = {isa = PBXBuildFile; fileRef = 181F204C1CA9869D00353C7A /* LZLuFeiViewController.xib */; };
		181F20521CA986AF00353C7A /* LZSuoLongViewController.m in Sources */ = {isa = PBXBuildFile; fileRef = 181F20501CA986AF00353C7A /* LZSuoLongViewController.m */; };
		181F20531CA986AF00353C7A /* LZSuoLongViewController.xib in Resources */ = {isa = PBXBuildFile; fileRef = 181F20511CA986AF00353C7A /* LZSuoLongViewController.xib */; };
		181F20571CA986E900353C7A /* LZXiangJiViewController.m in Sources */ = {isa = PBXBuildFile; fileRef = 181F20551CA986E900353C7A /* LZXiangJiViewController.m */; };
		181F20581CA986E900353C7A /* LZXiangJiViewController.xib in Resources */ = {isa = PBXBuildFile; fileRef = 181F20561CA986E900353C7A /* LZXiangJiViewController.xib */; };
		181F205B1CA9873400353C7A /* LZNaMeiTableViewController.m in Sources */ = {isa = PBXBuildFile; fileRef = 181F205A1CA9873400353C7A /* LZNaMeiTableViewController.m */; };
		181F205E1CA9874600353C7A /* LZLuoBinTableViewController.m in Sources */ = {isa = PBXBuildFile; fileRef = 181F205D1CA9874600353C7A /* LZLuoBinTableViewController.m */; };
		181F20611CA9875600353C7A /* LZXunLuTableViewController.m in Sources */ = {isa = PBXBuildFile; fileRef = 181F20601CA9875600353C7A /* LZXunLuTableViewController.m */; };
		18D3E84B1CA4C78F00B4FFB6 /* Main.storyboard in Resources */ = {isa = PBXBuildFile; fileRef = 18D3E8491CA4C78F00B4FFB6 /* Main.storyboard */; };
		18D3E84D1CA4C78F00B4FFB6 /* Assets.xcassets in Resources */ = {isa = PBXBuildFile; fileRef = 18D3E84C1CA4C78F00B4FFB6 /* Assets.xcassets */; };
/* End PBXBuildFile section */

/* Begin PBXFileReference section */
		181F203F1CA9865300353C7A /* ViewController.h */ = {isa = PBXFileReference; fileEncoding = 4; lastKnownFileType = sourcecode.c.h; path = ViewController.h; sourceTree = "<group>"; };
		181F20401CA9865300353C7A /* ViewController.m */ = {isa = PBXFileReference; fileEncoding = 4; lastKnownFileType = sourcecode.c.objc; path = ViewController.m; sourceTree = "<group>"; };
		181F20431CA9865300353C7A /* AppDelegate.h */ = {isa = PBXFileReference; fileEncoding = 4; lastKnownFileType = sourcecode.c.h; path = AppDelegate.h; sourceTree = "<group>"; };
		181F20441CA9865300353C7A /* AppDelegate.m */ = {isa = PBXFileReference; fileEncoding = 4; lastKnownFileType = sourcecode.c.objc; path = AppDelegate.m; sourceTree = "<group>"; };
		181F20451CA9865300353C7A /* main.m */ = {isa = PBXFileReference; fileEncoding = 4; lastKnownFileType = sourcecode.c.objc; path = main.m; sourceTree = "<group>"; };
		181F204A1CA9869D00353C7A /* LZLuFeiViewController.h */ = {isa = PBXFileReference; fileEncoding = 4; lastKnownFileType = sourcecode.c.h; path = LZLuFeiViewController.h; sourceTree = "<group>"; };
		181F204B1CA9869D00353C7A /* LZLuFeiViewController.m */ = {isa = PBXFileReference; fileEncoding = 4; lastKnownFileType = sourcecode.c.objc; path = LZLuFeiViewController.m; sourceTree = "<group>"; };
		181F204C1CA9869D00353C7A /* LZLuFeiViewController.xib */ = {isa = PBXFileReference; fileEncoding = 4; lastKnownFileType = file.xib; path = LZLuFeiViewController.xib; sourceTree = "<group>"; };
		181F204F1CA986AF00353C7A /* LZSuoLongViewController.h */ = {isa = PBXFileReference; fileEncoding = 4; lastKnownFileType = sourcecode.c.h; path = LZSuoLongViewController.h; sourceTree = "<group>"; };
		181F20501CA986AF00353C7A /* LZSuoLongViewController.m */ = {isa = PBXFileReference; fileEncoding = 4; lastKnownFileType = sourcecode.c.objc; path = LZSuoLongViewController.m; sourceTree = "<group>"; };
		181F20511CA986AF00353C7A /* LZSuoLongViewController.xib */ = {isa = PBXFileReference; fileEncoding = 4; lastKnownFileType = file.xib; path = LZSuoLongViewController.xib; sourceTree = "<group>"; };
		181F20541CA986E900353C7A /* LZXiangJiViewController.h */ = {isa = PBXFileReference; fileEncoding = 4; lastKnownFileType = sourcecode.c.h; path = LZXiangJiViewController.h; sourceTree = "<group>"; };
		181F20551CA986E900353C7A /* LZXiangJiViewController.m */ = {isa = PBXFileReference; fileEncoding = 4; lastKnownFileType = sourcecode.c.objc; path = LZXiangJiViewController.m; sourceTree = "<group>"; };
		181F20561CA986E900353C7A /* LZXiangJiViewController.xib */ = {isa = PBXFileReference; fileEncoding = 4; lastKnownFileType = file.xib; path = LZXiangJiViewController.xib; sourceTree = "<group>"; };
		181F20591CA9873400353C7A /* LZNaMeiTableViewController.h */ = {isa = PBXFileReference; fileEncoding = 4; lastKnownFileType = sourcecode.c.h; path = LZNaMeiTableViewController.h; sourceTree = "<group>"; };
		181F205A1CA9873400353C7A /* LZNaMeiTableViewController.m */ = {isa = PBXFileReference; fileEncoding = 4; lastKnownFileType = sourcecode.c.objc; path = LZNaMeiTableViewController.m; sourceTree = "<group>"; };
		181F205C1CA9874600353C7A /* LZLuoBinTableViewController.h */ = {isa = PBXFileReference; fileEncoding = 4; lastKnownFileType = sourcecode.c.h; path = LZLuoBinTableViewController.h; sourceTree = "<group>"; };
		181F205D1CA9874600353C7A /* LZLuoBinTableViewController.m */ = {isa = PBXFileReference; fileEncoding = 4; lastKnownFileType = sourcecode.c.objc; path = LZLuoBinTableViewController.m; sourceTree = "<group>"; };
		181F205F1CA9875600353C7A /* LZXunLuTableViewController.h */ = {isa = PBXFileReference; fileEncoding = 4; lastKnownFileType = sourcecode.c.h; path = LZXunLuTableViewController.h; sourceTree = "<group>"; };
		181F20601CA9875600353C7A /* LZXunLuTableViewController.m */ = {isa = PBXFileReference; fileEncoding = 4; lastKnownFileType = sourcecode.c.objc; path = LZXunLuTableViewController.m; sourceTree = "<group>"; };
		18D3E83D1CA4C78F00B4FFB6 /* LZNewsHome.app */ = {isa = PBXFileReference; explicitFileType = wrapper.application; includeInIndex = 0; path = LZNewsHome.app; sourceTree = BUILT_PRODUCTS_DIR; };
		18D3E84A1CA4C78F00B4FFB6 /* Base */ = {isa = PBXFileReference; lastKnownFileType = file.storyboard; name = Base; path = Base.lproj/Main.storyboard; sourceTree = "<group>"; };
		18D3E84C1CA4C78F00B4FFB6 /* Assets.xcassets */ = {isa = PBXFileReference; lastKnownFileType = folder.assetcatalog; path = Assets.xcassets; sourceTree = "<group>"; };
		18D3E8511CA4C78F00B4FFB6 /* Info.plist */ = {isa = PBXFileReference; lastKnownFileType = text.plist.xml; path = Info.plist; sourceTree = "<group>"; };
/* End PBXFileReference section */

/* Begin PBXFrameworksBuildPhase section */
		18D3E83A1CA4C78F00B4FFB6 /* Frameworks */ = {
			isa = PBXFrameworksBuildPhase;
			buildActionMask = 2147483647;
			files = (
			);
			runOnlyForDeploymentPostprocessing = 0;
		};
/* End PBXFrameworksBuildPhase section */

/* Begin PBXGroup section */
		181F203D1CA9865300353C7A /* Classes */ = {
			isa = PBXGroup;
			children = (
				181F203E1CA9865300353C7A /* Controller */,
				181F20411CA9865300353C7A /* Model */,
				181F20421CA9865300353C7A /* Others */,
				181F20461CA9865300353C7A /* View */,
			);
			path = Classes;
			sourceTree = "<group>";
		};
		181F203E1CA9865300353C7A /* Controller */ = {
			isa = PBXGroup;
			children = (
				181F203F1CA9865300353C7A /* ViewController.h */,
				181F20401CA9865300353C7A /* ViewController.m */,
				181F204A1CA9869D00353C7A /* LZLuFeiViewController.h */,
				181F204B1CA9869D00353C7A /* LZLuFeiViewController.m */,
				181F204C1CA9869D00353C7A /* LZLuFeiViewController.xib */,
				181F204F1CA986AF00353C7A /* LZSuoLongViewController.h */,
				181F20501CA986AF00353C7A /* LZSuoLongViewController.m */,
				181F20511CA986AF00353C7A /* LZSuoLongViewController.xib */,
				181F20541CA986E900353C7A /* LZXiangJiViewController.h */,
				181F20551CA986E900353C7A /* LZXiangJiViewController.m */,
				181F20561CA986E900353C7A /* LZXiangJiViewController.xib */,
				181F20591CA9873400353C7A /* LZNaMeiTableViewController.h */,
				181F205A1CA9873400353C7A /* LZNaMeiTableViewController.m */,
				181F205C1CA9874600353C7A /* LZLuoBinTableViewController.h */,
				181F205D1CA9874600353C7A /* LZLuoBinTableViewController.m */,
				181F205F1CA9875600353C7A /* LZXunLuTableViewController.h */,
				181F20601CA9875600353C7A /* LZXunLuTableViewController.m */,
			);
			path = Controller;
			sourceTree = "<group>";
		};
		181F20411CA9865300353C7A /* Model */ = {
			isa = PBXGroup;
			children = (
			);
			path = Model;
			sourceTree = "<group>";
		};
		181F20421CA9865300353C7A /* Others */ = {
			isa = PBXGroup;
			children = (
				181F20431CA9865300353C7A /* AppDelegate.h */,
				181F20441CA9865300353C7A /* AppDelegate.m */,
				181F20451CA9865300353C7A /* main.m */,
			);
			path = Others;
			sourceTree = "<group>";
		};
		181F20461CA9865300353C7A /* View */ = {
			isa = PBXGroup;
			children = (
			);
			path = View;
			sourceTree = "<group>";
		};
		18D3E8341CA4C78F00B4FFB6 = {
			isa = PBXGroup;
			children = (
				18D3E83F1CA4C78F00B4FFB6 /* LZNewsHome */,
				18D3E83E1CA4C78F00B4FFB6 /* Products */,
			);
			sourceTree = "<group>";
		};
		18D3E83E1CA4C78F00B4FFB6 /* Products */ = {
			isa = PBXGroup;
			children = (
				18D3E83D1CA4C78F00B4FFB6 /* LZNewsHome.app */,
			);
			name = Products;
			sourceTree = "<group>";
		};
		18D3E83F1CA4C78F00B4FFB6 /* LZNewsHome */ = {
			isa = PBXGroup;
			children = (
				181F203D1CA9865300353C7A /* Classes */,
				18D3E8401CA4C78F00B4FFB6 /* Supporting Files */,
			);
			path = LZNewsHome;
			sourceTree = "<group>";
		};
		18D3E8401CA4C78F00B4FFB6 /* Supporting Files */ = {
			isa = PBXGroup;
			children = (
				18D3E8491CA4C78F00B4FFB6 /* Main.storyboard */,
				18D3E84C1CA4C78F00B4FFB6 /* Assets.xcassets */,
				18D3E8511CA4C78F00B4FFB6 /* Info.plist */,
			);
			name = "Supporting Files";
			sourceTree = "<group>";
		};
/* End PBXGroup section */

/* Begin PBXNativeTarget section */
		18D3E83C1CA4C78F00B4FFB6 /* LZNewsHome */ = {
			isa = PBXNativeTarget;
			buildConfigurationList = 18D3E8541CA4C78F00B4FFB6 /* Build configuration list for PBXNativeTarget "LZNewsHome" */;
			buildPhases = (
				18D3E8391CA4C78F00B4FFB6 /* Sources */,
				18D3E83A1CA4C78F00B4FFB6 /* Frameworks */,
				18D3E83B1CA4C78F00B4FFB6 /* Resources */,
			);
			buildRules = (
			);
			dependencies = (
			);
			name = LZNewsHome;
			productName = LZNewsHome;
			productReference = 18D3E83D1CA4C78F00B4FFB6 /* LZNewsHome.app */;
			productType = "com.apple.product-type.application";
		};
/* End PBXNativeTarget section */

/* Begin PBXProject section */
		18D3E8351CA4C78F00B4FFB6 /* Project object */ = {
			isa = PBXProject;
			attributes = {
				CLASSPREFIX = LZ;
				LastUpgradeCheck = 0720;
				ORGANIZATIONNAME = m14a.cn;
				TargetAttributes = {
					18D3E83C1CA4C78F00B4FFB6 = {
						CreatedOnToolsVersion = 7.2;
						DevelopmentTeam = 5J4983VAR8;
					};
				};
			};
			buildConfigurationList = 18D3E8381CA4C78F00B4FFB6 /* Build configuration list for PBXProject "LZNewsHome" */;
			compatibilityVersion = "Xcode 3.2";
			developmentRegion = English;
			hasScannedForEncodings = 0;
			knownRegions = (
				en,
				Base,
			);
			mainGroup = 18D3E8341CA4C78F00B4FFB6;
			productRefGroup = 18D3E83E1CA4C78F00B4FFB6 /* Products */;
			projectDirPath = "";
			projectRoot = "";
			targets = (
				18D3E83C1CA4C78F00B4FFB6 /* LZNewsHome */,
			);
		};
/* End PBXProject section */

/* Begin PBXResourcesBuildPhase section */
		18D3E83B1CA4C78F00B4FFB6 /* Resources */ = {
			isa = PBXResourcesBuildPhase;
			buildActionMask = 2147483647;
			files = (
				181F20531CA986AF00353C7A /* LZSuoLongViewController.xib in Resources */,
				18D3E84D1CA4C78F00B4FFB6 /* Assets.xcassets in Resources */,
				181F20581CA986E900353C7A /* LZXiangJiViewController.xib in Resources */,
				18D3E84B1CA4C78F00B4FFB6 /* Main.storyboard in Resources */,
				181F204E1CA9869D00353C7A /* LZLuFeiViewController.xib in Resources */,
			);
			runOnlyForDeploymentPostprocessing = 0;
		};
/* End PBXResourcesBuildPhase section */

/* Begin PBXSourcesBuildPhase section */
		18D3E8391CA4C78F00B4FFB6 /* Sources */ = {
			isa = PBXSourcesBuildPhase;
			buildActionMask = 2147483647;
			files = (
				181F204D1CA9869D00353C7A /* LZLuFeiViewController.m in Sources */,
				181F20481CA9865300353C7A /* AppDelegate.m in Sources */,
				181F20611CA9875600353C7A /* LZXunLuTableViewController.m in Sources */,
				181F20491CA9865300353C7A /* main.m in Sources */,
				181F205B1CA9873400353C7A /* LZNaMeiTableViewController.m in Sources */,
				181F20471CA9865300353C7A /* ViewController.m in Sources */,
				181F20521CA986AF00353C7A /* LZSuoLongViewController.m in Sources */,
				181F205E1CA9874600353C7A /* LZLuoBinTableViewController.m in Sources */,
				181F20571CA986E900353C7A /* LZXiangJiViewController.m in Sources */,
			);
			runOnlyForDeploymentPostprocessing = 0;
		};
/* End PBXSourcesBuildPhase section */

/* Begin PBXVariantGroup section */
		18D3E8491CA4C78F00B4FFB6 /* Main.storyboard */ = {
			isa = PBXVariantGroup;
			children = (
				18D3E84A1CA4C78F00B4FFB6 /* Base */,
			);
			name = Main.storyboard;
			sourceTree = "<group>";
		};
/* End PBXVariantGroup section */

/* Begin XCBuildConfiguration section */
		18D3E8521CA4C78F00B4FFB6 /* Debug */ = {
			isa = XCBuildConfiguration;
			buildSettings = {
				ALWAYS_SEARCH_USER_PATHS = NO;
				CLANG_CXX_LANGUAGE_STANDARD = "gnu++0x";
				CLANG_CXX_LIBRARY = "libc++";
				CLANG_ENABLE_MODULES = YES;
				CLANG_ENABLE_OBJC_ARC = YES;
				CLANG_WARN_BOOL_CONVERSION = YES;
				CLANG_WARN_CONSTANT_CONVERSION = YES;
				CLANG_WARN_DIRECT_OBJC_ISA_USAGE = YES_ERROR;
				CLANG_WARN_EMPTY_BODY = YES;
				CLANG_WARN_ENUM_CONVERSION = YES;
				CLANG_WARN_INT_CONVERSION = YES;
				CLANG_WARN_OBJC_ROOT_CLASS = YES_ERROR;
				CLANG_WARN_UNREACHABLE_CODE = YES;
				CLANG_WARN__DUPLICATE_METHOD_MATCH = YES;
				"CODE_SIGN_IDENTITY[sdk=iphoneos*]" = "iPhone Developer";
				COPY_PHASE_STRIP = NO;
				DEBUG_INFORMATION_FORMAT = dwarf;
				ENABLE_STRICT_OBJC_MSGSEND = YES;
				ENABLE_TESTABILITY = YES;
				GCC_C_LANGUAGE_STANDARD = gnu99;
				GCC_DYNAMIC_NO_PIC = NO;
				GCC_NO_COMMON_BLOCKS = YES;
				GCC_OPTIMIZATION_LEVEL = 0;
				GCC_PREPROCESSOR_DEFINITIONS = (
					"DEBUG=1",
					"$(inherited)",
				);
				GCC_WARN_64_TO_32_BIT_CONVERSION = YES;
				GCC_WARN_ABOUT_RETURN_TYPE = YES_ERROR;
				GCC_WARN_UNDECLARED_SELECTOR = YES;
				GCC_WARN_UNINITIALIZED_AUTOS = YES_AGGRESSIVE;
				GCC_WARN_UNUSED_FUNCTION = YES;
				GCC_WARN_UNUSED_VARIABLE = YES;
				IPHONEOS_DEPLOYMENT_TARGET = 9.2;
				MTL_ENABLE_DEBUG_INFO = YES;
				ONLY_ACTIVE_ARCH = YES;
				SDKROOT = iphoneos;
			};
			name = Debug;
		};
		18D3E8531CA4C78F00B4FFB6 /* Release */ = {
			isa = XCBuildConfiguration;
			buildSettings = {
				ALWAYS_SEARCH_USER_PATHS = NO;
				CLANG_CXX_LANGUAGE_STANDARD = "gnu++0x";
				CLANG_CXX_LIBRARY = "libc++";
				CLANG_ENABLE_MODULES = YES;
				CLANG_ENABLE_OBJC_ARC = YES;
				CLANG_WARN_BOOL_CONVERSION = YES;
				CLANG_WARN_CONSTANT_CONVERSION = YES;
				CLANG_WARN_DIRECT_OBJC_ISA_USAGE = YES_ERROR;
				CLANG_WARN_EMPTY_BODY = YES;
				CLANG_WARN_ENUM_CONVERSION = YES;
				CLANG_WARN_INT_CONVERSION = YES;
				CLANG_WARN_OBJC_ROOT_CLASS = YES_ERROR;
				CLANG_WARN_UNREACHABLE_CODE = YES;
				CLANG_WARN__DUPLICATE_METHOD_MATCH = YES;
				"CODE_SIGN_IDENTITY[sdk=iphoneos*]" = "iPhone Developer";
				COPY_PHASE_STRIP = NO;
				DEBUG_INFORMATION_FORMAT = "dwarf-with-dsym";
				ENABLE_NS_ASSERTIONS = NO;
				ENABLE_STRICT_OBJC_MSGSEND = YES;
				GCC_C_LANGUAGE_STANDARD = gnu99;
				GCC_NO_COMMON_BLOCKS = YES;
				GCC_WARN_64_TO_32_BIT_CONVERSION = YES;
				GCC_WARN_ABOUT_RETURN_TYPE = YES_ERROR;
				GCC_WARN_UNDECLARED_SELECTOR = YES;
				GCC_WARN_UNINITIALIZED_AUTOS = YES_AGGRESSIVE;
				GCC_WARN_UNUSED_FUNCTION = YES;
				GCC_WARN_UNUSED_VARIABLE = YES;
				IPHONEOS_DEPLOYMENT_TARGET = 9.2;
				MTL_ENABLE_DEBUG_INFO = NO;
				SDKROOT = iphoneos;
				VALIDATE_PRODUCT = YES;
			};
			name = Release;
		};
		18D3E8551CA4C78F00B4FFB6 /* Debug */ = {
			isa = XCBuildConfiguration;
			buildSettings = {
				ASSETCATALOG_COMPILER_APPICON_NAME = AppIcon;
				INFOPLIST_FILE = LZNewsHome/Info.plist;
				LD_RUNPATH_SEARCH_PATHS = "$(inherited) @executable_path/Frameworks";
				PRODUCT_BUNDLE_IDENTIFIER = m14a.cn.LZNewsHome;
				PRODUCT_NAME = "$(TARGET_NAME)";
			};
			name = Debug;
		};
		18D3E8561CA4C78F00B4FFB6 /* Release */ = {
			isa = XCBuildConfiguration;
			buildSettings = {
				ASSETCATALOG_COMPILER_APPICON_NAME = AppIcon;
				INFOPLIST_FILE = LZNewsHome/Info.plist;
				LD_RUNPATH_SEARCH_PATHS = "$(inherited) @executable_path/Frameworks";
				PRODUCT_BUNDLE_IDENTIFIER = m14a.cn.LZNewsHome;
				PRODUCT_NAME = "$(TARGET_NAME)";
			};
			name = Release;
		};
/* End XCBuildConfiguration section */

/* Begin XCConfigurationList section */
		18D3E8381CA4C78F00B4FFB6 /* Build configuration list for PBXProject "LZNewsHome" */ = {
			isa = XCConfigurationList;
			buildConfigurations = (
				18D3E8521CA4C78F00B4FFB6 /* Debug */,
				18D3E8531CA4C78F00B4FFB6 /* Release */,
			);
			defaultConfigurationIsVisible = 0;
			defaultConfigurationName = Release;
		};
		18D3E8541CA4C78F00B4FFB6 /* Build configuration list for PBXNativeTarget "LZNewsHome" */ = {
			isa = XCConfigurationList;
			buildConfigurations = (
				18D3E8551CA4C78F00B4FFB6 /* Debug */,
				18D3E8561CA4C78F00B4FFB6 /* Release */,
			);
			defaultConfigurationIsVisible = 0;
			defaultConfigurationName = Release;
		};
/* End XCConfigurationList section */
	};
	rootObject = 18D3E8351CA4C78F00B4FFB6 /* Project object */;
}
